PODS:
  - SDWebImage (3.7.2):
    - SDWebImage/Core
  - SDWebImage/Core (3.7.2)
  - SVPullToRefresh (0.4.1)
  - UIViewController-KeyboardAdditions (1.0)

DEPENDENCIES:
  - SDWebImage (~> 3.7)
  - SVPullToRefresh
  - UIViewController-KeyboardAdditions

SPEC CHECKSUMS:
  SDWebImage: 71b7cdc1d1721d6a82ed62889030225f2c249e29
  SVPullToRefresh: ba2e718695a43253d8bea6852d2960097dc15d8c
  UIViewController-KeyboardAdditions: b304e86af4483bcb2ffc2b4fedff97c77782f6c0

COCOAPODS: 0.34.4
