// !$*UTF8*$!
{
	archiveVersion = 1;
	classes = {
	};
	objectVersion = 46;
	objects = {

/* Begin PBXBuildFile section */
		83741F5D1AF879DD00025178 /* TweetCell.m in Sources */ = {isa = PBXBuildFile; fileRef = 83741F5C1AF879DD00025178 /* TweetCell.m */; };
		83741F921AF937BE00025178 /* NSDateFormatter+STTwitter.m in Sources */ = {isa = PBXBuildFile; fileRef = 83741F731AF937BE00025178 /* NSDateFormatter+STTwitter.m */; };
		83741F931AF937BE00025178 /* NSError+STTwitter.m in Sources */ = {isa = PBXBuildFile; fileRef = 83741F751AF937BE00025178 /* NSError+STTwitter.m */; };
		83741F941AF937BE00025178 /* NSString+STTwitter.m in Sources */ = {isa = PBXBuildFile; fileRef = 83741F771AF937BE00025178 /* NSString+STTwitter.m */; };
		83741F951AF937BE00025178 /* STHTTPRequest+STTwitter.m in Sources */ = {isa = PBXBuildFile; fileRef = 83741F791AF937BE00025178 /* STHTTPRequest+STTwitter.m */; };
		83741F961AF937BE00025178 /* STTwitterAPI.m in Sources */ = {isa = PBXBuildFile; fileRef = 83741F7C1AF937BE00025178 /* STTwitterAPI.m */; };
		83741F971AF937BE00025178 /* STTwitterAppOnly.m in Sources */ = {isa = PBXBuildFile; fileRef = 83741F7E1AF937BE00025178 /* STTwitterAppOnly.m */; };
		83741F981AF937BE00025178 /* STTwitterHTML.m in Sources */ = {isa = PBXBuildFile; fileRef = 83741F801AF937BE00025178 /* STTwitterHTML.m */; };
		83741F991AF937BE00025178 /* STTwitterOAuth.m in Sources */ = {isa = PBXBuildFile; fileRef = 83741F821AF937BE00025178 /* STTwitterOAuth.m */; };
		83741F9A1AF937BE00025178 /* STTwitterOS.m in Sources */ = {isa = PBXBuildFile; fileRef = 83741F841AF937BE00025178 /* STTwitterOS.m */; };
		83741F9B1AF937BE00025178 /* STTwitterOSRequest.m in Sources */ = {isa = PBXBuildFile; fileRef = 83741F861AF937BE00025178 /* STTwitterOSRequest.m */; };
		83741F9C1AF937BE00025178 /* STTwitterStreamParser.m in Sources */ = {isa = PBXBuildFile; fileRef = 83741F8A1AF937BE00025178 /* STTwitterStreamParser.m */; };
		83741F9D1AF937BE00025178 /* BAVPlistNode.m in Sources */ = {isa = PBXBuildFile; fileRef = 83741F8D1AF937BE00025178 /* BAVPlistNode.m */; };
		83741F9E1AF937BE00025178 /* JSONSyntaxHighlight.m in Sources */ = {isa = PBXBuildFile; fileRef = 83741F8F1AF937BE00025178 /* JSONSyntaxHighlight.m */; };
		83741F9F1AF937BE00025178 /* STHTTPRequest.m in Sources */ = {isa = PBXBuildFile; fileRef = 83741F911AF937BE00025178 /* STHTTPRequest.m */; };
		83741FA51AF938F600025178 /* TweetDetailViewController.m in Sources */ = {isa = PBXBuildFile; fileRef = 83741FA41AF938F600025178 /* TweetDetailViewController.m */; };
		83741FA91AF9643E00025178 /* STTweetLabel.m in Sources */ = {isa = PBXBuildFile; fileRef = 83741FA81AF9643E00025178 /* STTweetLabel.m */; };
		83741FAC1AF96DF100025178 /* WebPageViewController.m in Sources */ = {isa = PBXBuildFile; fileRef = 83741FAB1AF96DF100025178 /* WebPageViewController.m */; };
		83964F2E1AF830C600B792D2 /* main.m in Sources */ = {isa = PBXBuildFile; fileRef = 83964F2D1AF830C600B792D2 /* main.m */; };
		83964F311AF830C600B792D2 /* AppDelegate.m in Sources */ = {isa = PBXBuildFile; fileRef = 83964F301AF830C600B792D2 /* AppDelegate.m */; };
		83964F371AF830C600B792D2 /* Main.storyboard in Resources */ = {isa = PBXBuildFile; fileRef = 83964F351AF830C600B792D2 /* Main.storyboard */; };
		83964F391AF830C600B792D2 /* Images.xcassets in Resources */ = {isa = PBXBuildFile; fileRef = 83964F381AF830C600B792D2 /* Images.xcassets */; };
		83964F3C1AF830C600B792D2 /* LaunchScreen.xib in Resources */ = {isa = PBXBuildFile; fileRef = 83964F3A1AF830C600B792D2 /* LaunchScreen.xib */; };
		83964F481AF830C600B792D2 /* TwitterReaderTests.m in Sources */ = {isa = PBXBuildFile; fileRef = 83964F471AF830C600B792D2 /* TwitterReaderTests.m */; };
		83964F521AF836E700B792D2 /* Twitter.framework in Frameworks */ = {isa = PBXBuildFile; fileRef = 83964F511AF836E700B792D2 /* Twitter.framework */; };
		83964F5C1AF837C000B792D2 /* Social.framework in Frameworks */ = {isa = PBXBuildFile; fileRef = 83964F5B1AF837C000B792D2 /* Social.framework */; };
		83964F5E1AF837CD00B792D2 /* QuartzCore.framework in Frameworks */ = {isa = PBXBuildFile; fileRef = 83964F5D1AF837CD00B792D2 /* QuartzCore.framework */; };
		83964F601AF837D700B792D2 /* UIKit.framework in Frameworks */ = {isa = PBXBuildFile; fileRef = 83964F5F1AF837D700B792D2 /* UIKit.framework */; };
		83964F621AF837EB00B792D2 /* Foundation.framework in Frameworks */ = {isa = PBXBuildFile; fileRef = 83964F611AF837EB00B792D2 /* Foundation.framework */; };
		83964F641AF837F400B792D2 /* CoreGraphics.framework in Frameworks */ = {isa = PBXBuildFile; fileRef = 83964F631AF837F300B792D2 /* CoreGraphics.framework */; };
		83964F671AF83EA100B792D2 /* TimeLineViewController.m in Sources */ = {isa = PBXBuildFile; fileRef = 83964F661AF83EA100B792D2 /* TimeLineViewController.m */; };
		D9520C09CAF630409A8583CD /* libPods-TwitterReader.a in Frameworks */ = {isa = PBXBuildFile; fileRef = 8F4CC2EF57CA9224F83B2CDB /* libPods-TwitterReader.a */; };
/* End PBXBuildFile section */

/* Begin PBXContainerItemProxy section */
		83964F421AF830C600B792D2 /* PBXContainerItemProxy */ = {
			isa = PBXContainerItemProxy;
			containerPortal = 83964F201AF830C500B792D2 /* Project object */;
			proxyType = 1;
			remoteGlobalIDString = 83964F271AF830C500B792D2;
			remoteInfo = TwitterReader;
		};
/* End PBXContainerItemProxy section */

/* Begin PBXFileReference section */
		13CA8D102DD1950A2869D6E2 /* Pods-TwitterReader.debug.xcconfig */ = {isa = PBXFileReference; includeInIndex = 1; lastKnownFileType = text.xcconfig; name = "Pods-TwitterReader.debug.xcconfig"; path = "Pods/Target Support Files/Pods-TwitterReader/Pods-TwitterReader.debug.xcconfig"; sourceTree = "<group>"; };
		614E53C0BCE5FB3668CD4F2F /* Pods-TwitterReader.release.xcconfig */ = {isa = PBXFileReference; includeInIndex = 1; lastKnownFileType = text.xcconfig; name = "Pods-TwitterReader.release.xcconfig"; path = "Pods/Target Support Files/Pods-TwitterReader/Pods-TwitterReader.release.xcconfig"; sourceTree = "<group>"; };
		83741F5A1AF8498B00025178 /* TwitterReaderParameters.h */ = {isa = PBXFileReference; lastKnownFileType = sourcecode.c.h; path = TwitterReaderParameters.h; sourceTree = "<group>"; };
		83741F5B1AF879DD00025178 /* TweetCell.h */ = {isa = PBXFileReference; fileEncoding = 4; lastKnownFileType = sourcecode.c.h; path = TweetCell.h; sourceTree = "<group>"; };
		83741F5C1AF879DD00025178 /* TweetCell.m */ = {isa = PBXFileReference; fileEncoding = 4; lastKnownFileType = sourcecode.c.objc; path = TweetCell.m; sourceTree = "<group>"; };
		83741F721AF937BE00025178 /* NSDateFormatter+STTwitter.h */ = {isa = PBXFileReference; fileEncoding = 4; lastKnownFileType = sourcecode.c.h; path = "NSDateFormatter+STTwitter.h"; sourceTree = "<group>"; };
		83741F731AF937BE00025178 /* NSDateFormatter+STTwitter.m */ = {isa = PBXFileReference; fileEncoding = 4; lastKnownFileType = sourcecode.c.objc; path = "NSDateFormatter+STTwitter.m"; sourceTree = "<group>"; };
		83741F741AF937BE00025178 /* NSError+STTwitter.h */ = {isa = PBXFileReference; fileEncoding = 4; lastKnownFileType = sourcecode.c.h; path = "NSError+STTwitter.h"; sourceTree = "<group>"; };
		83741F751AF937BE00025178 /* NSError+STTwitter.m */ = {isa = PBXFileReference; fileEncoding = 4; lastKnownFileType = sourcecode.c.objc; path = "NSError+STTwitter.m"; sourceTree = "<group>"; };
		83741F761AF937BE00025178 /* NSString+STTwitter.h */ = {isa = PBXFileReference; fileEncoding = 4; lastKnownFileType = sourcecode.c.h; path = "NSString+STTwitter.h"; sourceTree = "<group>"; };
		83741F771AF937BE00025178 /* NSString+STTwitter.m */ = {isa = PBXFileReference; fileEncoding = 4; lastKnownFileType = sourcecode.c.objc; path = "NSString+STTwitter.m"; sourceTree = "<group>"; };
		83741F781AF937BE00025178 /* STHTTPRequest+STTwitter.h */ = {isa = PBXFileReference; fileEncoding = 4; lastKnownFileType = sourcecode.c.h; path = "STHTTPRequest+STTwitter.h"; sourceTree = "<group>"; };
		83741F791AF937BE00025178 /* STHTTPRequest+STTwitter.m */ = {isa = PBXFileReference; fileEncoding = 4; lastKnownFileType = sourcecode.c.objc; path = "STHTTPRequest+STTwitter.m"; sourceTree = "<group>"; };
		83741F7A1AF937BE00025178 /* STTwitter.h */ = {isa = PBXFileReference; fileEncoding = 4; lastKnownFileType = sourcecode.c.h; path = STTwitter.h; sourceTree = "<group>"; };
		83741F7B1AF937BE00025178 /* STTwitterAPI.h */ = {isa = PBXFileReference; fileEncoding = 4; lastKnownFileType = sourcecode.c.h; path = STTwitterAPI.h; sourceTree = "<group>"; };
		83741F7C1AF937BE00025178 /* STTwitterAPI.m */ = {isa = PBXFileReference; fileEncoding = 4; lastKnownFileType = sourcecode.c.objc; path = STTwitterAPI.m; sourceTree = "<group>"; };
		83741F7D1AF937BE00025178 /* STTwitterAppOnly.h */ = {isa = PBXFileReference; fileEncoding = 4; lastKnownFileType = sourcecode.c.h; path = STTwitterAppOnly.h; sourceTree = "<group>"; };
		83741F7E1AF937BE00025178 /* STTwitterAppOnly.m */ = {isa = PBXFileReference; fileEncoding = 4; lastKnownFileType = sourcecode.c.objc; path = STTwitterAppOnly.m; sourceTree = "<group>"; };
		83741F7F1AF937BE00025178 /* STTwitterHTML.h */ = {isa = PBXFileReference; fileEncoding = 4; lastKnownFileType = sourcecode.c.h; path = STTwitterHTML.h; sourceTree = "<group>"; };
		83741F801AF937BE00025178 /* STTwitterHTML.m */ = {isa = PBXFileReference; fileEncoding = 4; lastKnownFileType = sourcecode.c.objc; path = STTwitterHTML.m; sourceTree = "<group>"; };
		83741F811AF937BE00025178 /* STTwitterOAuth.h */ = {isa = PBXFileReference; fileEncoding = 4; lastKnownFileType = sourcecode.c.h; path = STTwitterOAuth.h; sourceTree = "<group>"; };
		83741F821AF937BE00025178 /* STTwitterOAuth.m */ = {isa = PBXFileReference; fileEncoding = 4; lastKnownFileType = sourcecode.c.objc; path = STTwitterOAuth.m; sourceTree = "<group>"; };
		83741F831AF937BE00025178 /* STTwitterOS.h */ = {isa = PBXFileReference; fileEncoding = 4; lastKnownFileType = sourcecode.c.h; path = STTwitterOS.h; sourceTree = "<group>"; };
		83741F841AF937BE00025178 /* STTwitterOS.m */ = {isa = PBXFileReference; fileEncoding = 4; lastKnownFileType = sourcecode.c.objc; path = STTwitterOS.m; sourceTree = "<group>"; };
		83741F851AF937BE00025178 /* STTwitterOSRequest.h */ = {isa = PBXFileReference; fileEncoding = 4; lastKnownFileType = sourcecode.c.h; path = STTwitterOSRequest.h; sourceTree = "<group>"; };
		83741F861AF937BE00025178 /* STTwitterOSRequest.m */ = {isa = PBXFileReference; fileEncoding = 4; lastKnownFileType = sourcecode.c.objc; path = STTwitterOSRequest.m; sourceTree = "<group>"; };
		83741F871AF937BE00025178 /* STTwitterProtocol.h */ = {isa = PBXFileReference; fileEncoding = 4; lastKnownFileType = sourcecode.c.h; path = STTwitterProtocol.h; sourceTree = "<group>"; };
		83741F881AF937BE00025178 /* STTwitterRequestProtocol.h */ = {isa = PBXFileReference; fileEncoding = 4; lastKnownFileType = sourcecode.c.h; path = STTwitterRequestProtocol.h; sourceTree = "<group>"; };
		83741F891AF937BE00025178 /* STTwitterStreamParser.h */ = {isa = PBXFileReference; fileEncoding = 4; lastKnownFileType = sourcecode.c.h; path = STTwitterStreamParser.h; sourceTree = "<group>"; };
		83741F8A1AF937BE00025178 /* STTwitterStreamParser.m */ = {isa = PBXFileReference; fileEncoding = 4; lastKnownFileType = sourcecode.c.objc; path = STTwitterStreamParser.m; sourceTree = "<group>"; };
		83741F8C1AF937BE00025178 /* BAVPlistNode.h */ = {isa = PBXFileReference; fileEncoding = 4; lastKnownFileType = sourcecode.c.h; path = BAVPlistNode.h; sourceTree = "<group>"; };
		83741F8D1AF937BE00025178 /* BAVPlistNode.m */ = {isa = PBXFileReference; fileEncoding = 4; lastKnownFileType = sourcecode.c.objc; path = BAVPlistNode.m; sourceTree = "<group>"; };
		83741F8E1AF937BE00025178 /* JSONSyntaxHighlight.h */ = {isa = PBXFileReference; fileEncoding = 4; lastKnownFileType = sourcecode.c.h; path = JSONSyntaxHighlight.h; sourceTree = "<group>"; };
		83741F8F1AF937BE00025178 /* JSONSyntaxHighlight.m */ = {isa = PBXFileReference; fileEncoding = 4; lastKnownFileType = sourcecode.c.objc; path = JSONSyntaxHighlight.m; sourceTree = "<group>"; };
		83741F901AF937BE00025178 /* STHTTPRequest.h */ = {isa = PBXFileReference; fileEncoding = 4; lastKnownFileType = sourcecode.c.h; path = STHTTPRequest.h; sourceTree = "<group>"; };
		83741F911AF937BE00025178 /* STHTTPRequest.m */ = {isa = PBXFileReference; fileEncoding = 4; lastKnownFileType = sourcecode.c.objc; path = STHTTPRequest.m; sourceTree = "<group>"; };
		83741FA31AF938F600025178 /* TweetDetailViewController.h */ = {isa = PBXFileReference; fileEncoding = 4; lastKnownFileType = sourcecode.c.h; path = TweetDetailViewController.h; sourceTree = "<group>"; };
		83741FA41AF938F600025178 /* TweetDetailViewController.m */ = {isa = PBXFileReference; fileEncoding = 4; lastKnownFileType = sourcecode.c.objc; path = TweetDetailViewController.m; sourceTree = "<group>"; };
		83741FA71AF9643E00025178 /* STTweetLabel.h */ = {isa = PBXFileReference; fileEncoding = 4; lastKnownFileType = sourcecode.c.h; path = STTweetLabel.h; sourceTree = "<group>"; };
		83741FA81AF9643E00025178 /* STTweetLabel.m */ = {isa = PBXFileReference; fileEncoding = 4; lastKnownFileType = sourcecode.c.objc; path = STTweetLabel.m; sourceTree = "<group>"; };
		83741FAA1AF96DF100025178 /* WebPageViewController.h */ = {isa = PBXFileReference; fileEncoding = 4; lastKnownFileType = sourcecode.c.h; path = WebPageViewController.h; sourceTree = "<group>"; };
		83741FAB1AF96DF100025178 /* WebPageViewController.m */ = {isa = PBXFileReference; fileEncoding = 4; lastKnownFileType = sourcecode.c.objc; path = WebPageViewController.m; sourceTree = "<group>"; };
		83964F281AF830C600B792D2 /* TwitterReader.app */ = {isa = PBXFileReference; explicitFileType = wrapper.application; includeInIndex = 0; path = TwitterReader.app; sourceTree = BUILT_PRODUCTS_DIR; };
		83964F2C1AF830C600B792D2 /* Info.plist */ = {isa = PBXFileReference; lastKnownFileType = text.plist.xml; path = Info.plist; sourceTree = "<group>"; };
		83964F2D1AF830C600B792D2 /* main.m */ = {isa = PBXFileReference; lastKnownFileType = sourcecode.c.objc; path = main.m; sourceTree = "<group>"; };
		83964F2F1AF830C600B792D2 /* AppDelegate.h */ = {isa = PBXFileReference; lastKnownFileType = sourcecode.c.h; path = AppDelegate.h; sourceTree = "<group>"; };
		83964F301AF830C600B792D2 /* AppDelegate.m */ = {isa = PBXFileReference; lastKnownFileType = sourcecode.c.objc; path = AppDelegate.m; sourceTree = "<group>"; };
		83964F361AF830C600B792D2 /* Base */ = {isa = PBXFileReference; lastKnownFileType = file.storyboard; name = Base; path = Base.lproj/Main.storyboard; sourceTree = "<group>"; };
		83964F381AF830C600B792D2 /* Images.xcassets */ = {isa = PBXFileReference; lastKnownFileType = folder.assetcatalog; path = Images.xcassets; sourceTree = "<group>"; };
		83964F3B1AF830C600B792D2 /* Base */ = {isa = PBXFileReference; lastKnownFileType = file.xib; name = Base; path = Base.lproj/LaunchScreen.xib; sourceTree = "<group>"; };
		83964F411AF830C600B792D2 /* TwitterReaderTests.xctest */ = {isa = PBXFileReference; explicitFileType = wrapper.cfbundle; includeInIndex = 0; path = TwitterReaderTests.xctest; sourceTree = BUILT_PRODUCTS_DIR; };
		83964F461AF830C600B792D2 /* Info.plist */ = {isa = PBXFileReference; lastKnownFileType = text.plist.xml; path = Info.plist; sourceTree = "<group>"; };
		83964F471AF830C600B792D2 /* TwitterReaderTests.m */ = {isa = PBXFileReference; lastKnownFileType = sourcecode.c.objc; path = TwitterReaderTests.m; sourceTree = "<group>"; };
		83964F511AF836E700B792D2 /* Twitter.framework */ = {isa = PBXFileReference; lastKnownFileType = wrapper.framework; name = Twitter.framework; path = System/Library/Frameworks/Twitter.framework; sourceTree = SDKROOT; };
		83964F591AF837AF00B792D2 /* Accounts.framework */ = {isa = PBXFileReference; lastKnownFileType = wrapper.framework; name = Accounts.framework; path = System/Library/Frameworks/Accounts.framework; sourceTree = SDKROOT; };
		83964F5B1AF837C000B792D2 /* Social.framework */ = {isa = PBXFileReference; lastKnownFileType = wrapper.framework; name = Social.framework; path = System/Library/Frameworks/Social.framework; sourceTree = SDKROOT; };
		83964F5D1AF837CD00B792D2 /* QuartzCore.framework */ = {isa = PBXFileReference; lastKnownFileType = wrapper.framework; name = QuartzCore.framework; path = System/Library/Frameworks/QuartzCore.framework; sourceTree = SDKROOT; };
		83964F5F1AF837D700B792D2 /* UIKit.framework */ = {isa = PBXFileReference; lastKnownFileType = wrapper.framework; name = UIKit.framework; path = System/Library/Frameworks/UIKit.framework; sourceTree = SDKROOT; };
		83964F611AF837EB00B792D2 /* Foundation.framework */ = {isa = PBXFileReference; lastKnownFileType = wrapper.framework; name = Foundation.framework; path = System/Library/Frameworks/Foundation.framework; sourceTree = SDKROOT; };
		83964F631AF837F300B792D2 /* CoreGraphics.framework */ = {isa = PBXFileReference; lastKnownFileType = wrapper.framework; name = CoreGraphics.framework; path = System/Library/Frameworks/CoreGraphics.framework; sourceTree = SDKROOT; };
		83964F651AF83EA100B792D2 /* TimeLineViewController.h */ = {isa = PBXFileReference; fileEncoding = 4; lastKnownFileType = sourcecode.c.h; path = TimeLineViewController.h; sourceTree = "<group>"; };
		83964F661AF83EA100B792D2 /* TimeLineViewController.m */ = {isa = PBXFileReference; fileEncoding = 4; lastKnownFileType = sourcecode.c.objc; path = TimeLineViewController.m; sourceTree = "<group>"; };
		8F4CC2EF57CA9224F83B2CDB /* libPods-TwitterReader.a */ = {isa = PBXFileReference; explicitFileType = archive.ar; includeInIndex = 0; path = "libPods-TwitterReader.a"; sourceTree = BUILT_PRODUCTS_DIR; };
/* End PBXFileReference section */

/* Begin PBXFrameworksBuildPhase section */
		83964F251AF830C500B792D2 /* Frameworks */ = {
			isa = PBXFrameworksBuildPhase;
			buildActionMask = 2147483647;
			files = (
				83964F641AF837F400B792D2 /* CoreGraphics.framework in Frameworks */,
				83964F621AF837EB00B792D2 /* Foundation.framework in Frameworks */,
				83964F601AF837D700B792D2 /* UIKit.framework in Frameworks */,
				83964F5E1AF837CD00B792D2 /* QuartzCore.framework in Frameworks */,
				83964F5C1AF837C000B792D2 /* Social.framework in Frameworks */,
				83964F521AF836E700B792D2 /* Twitter.framework in Frameworks */,
				D9520C09CAF630409A8583CD /* libPods-TwitterReader.a in Frameworks */,
			);
			runOnlyForDeploymentPostprocessing = 0;
		};
		83964F3E1AF830C600B792D2 /* Frameworks */ = {
			isa = PBXFrameworksBuildPhase;
			buildActionMask = 2147483647;
			files = (
			);
			runOnlyForDeploymentPostprocessing = 0;
		};
/* End PBXFrameworksBuildPhase section */

/* Begin PBXGroup section */
		2EC35A6957C7FF2172BD4D06 /* Pods */ = {
			isa = PBXGroup;
			children = (
				13CA8D102DD1950A2869D6E2 /* Pods-TwitterReader.debug.xcconfig */,
				614E53C0BCE5FB3668CD4F2F /* Pods-TwitterReader.release.xcconfig */,
			);
			name = Pods;
			sourceTree = "<group>";
		};
		83741F711AF937BE00025178 /* STTwitter */ = {
			isa = PBXGroup;
			children = (
				83741F721AF937BE00025178 /* NSDateFormatter+STTwitter.h */,
				83741F731AF937BE00025178 /* NSDateFormatter+STTwitter.m */,
				83741F741AF937BE00025178 /* NSError+STTwitter.h */,
				83741F751AF937BE00025178 /* NSError+STTwitter.m */,
				83741F761AF937BE00025178 /* NSString+STTwitter.h */,
				83741F771AF937BE00025178 /* NSString+STTwitter.m */,
				83741F781AF937BE00025178 /* STHTTPRequest+STTwitter.h */,
				83741F791AF937BE00025178 /* STHTTPRequest+STTwitter.m */,
				83741F7A1AF937BE00025178 /* STTwitter.h */,
				83741F7B1AF937BE00025178 /* STTwitterAPI.h */,
				83741F7C1AF937BE00025178 /* STTwitterAPI.m */,
				83741F7D1AF937BE00025178 /* STTwitterAppOnly.h */,
				83741F7E1AF937BE00025178 /* STTwitterAppOnly.m */,
				83741F7F1AF937BE00025178 /* STTwitterHTML.h */,
				83741F801AF937BE00025178 /* STTwitterHTML.m */,
				83741F811AF937BE00025178 /* STTwitterOAuth.h */,
				83741F821AF937BE00025178 /* STTwitterOAuth.m */,
				83741F831AF937BE00025178 /* STTwitterOS.h */,
				83741F841AF937BE00025178 /* STTwitterOS.m */,
				83741F851AF937BE00025178 /* STTwitterOSRequest.h */,
				83741F861AF937BE00025178 /* STTwitterOSRequest.m */,
				83741F871AF937BE00025178 /* STTwitterProtocol.h */,
				83741F881AF937BE00025178 /* STTwitterRequestProtocol.h */,
				83741F891AF937BE00025178 /* STTwitterStreamParser.h */,
				83741F8A1AF937BE00025178 /* STTwitterStreamParser.m */,
				83741F8B1AF937BE00025178 /* Vendor */,
			);
			path = STTwitter;
			sourceTree = "<group>";
		};
		83741F8B1AF937BE00025178 /* Vendor */ = {
			isa = PBXGroup;
			children = (
				83741F8C1AF937BE00025178 /* BAVPlistNode.h */,
				83741F8D1AF937BE00025178 /* BAVPlistNode.m */,
				83741F8E1AF937BE00025178 /* JSONSyntaxHighlight.h */,
				83741F8F1AF937BE00025178 /* JSONSyntaxHighlight.m */,
				83741F901AF937BE00025178 /* STHTTPRequest.h */,
				83741F911AF937BE00025178 /* STHTTPRequest.m */,
			);
			path = Vendor;
			sourceTree = "<group>";
		};
		83741FA61AF9643E00025178 /* STTweetLabel */ = {
			isa = PBXGroup;
			children = (
				83741FA71AF9643E00025178 /* STTweetLabel.h */,
				83741FA81AF9643E00025178 /* STTweetLabel.m */,
			);
			path = STTweetLabel;
			sourceTree = "<group>";
		};
		83964F1F1AF830C500B792D2 = {
			isa = PBXGroup;
			children = (
				83964F631AF837F300B792D2 /* CoreGraphics.framework */,
				83964F611AF837EB00B792D2 /* Foundation.framework */,
				83964F5F1AF837D700B792D2 /* UIKit.framework */,
				83964F5D1AF837CD00B792D2 /* QuartzCore.framework */,
				83964F5B1AF837C000B792D2 /* Social.framework */,
				83964F591AF837AF00B792D2 /* Accounts.framework */,
				83964F511AF836E700B792D2 /* Twitter.framework */,
				83964F2A1AF830C600B792D2 /* TwitterReader */,
				83964F441AF830C600B792D2 /* TwitterReaderTests */,
				83964F291AF830C600B792D2 /* Products */,
				2EC35A6957C7FF2172BD4D06 /* Pods */,
				B1762C2357AD3AA26EBE6299 /* Frameworks */,
			);
			sourceTree = "<group>";
		};
		83964F291AF830C600B792D2 /* Products */ = {
			isa = PBXGroup;
			children = (
				83964F281AF830C600B792D2 /* TwitterReader.app */,
				83964F411AF830C600B792D2 /* TwitterReaderTests.xctest */,
			);
			name = Products;
			sourceTree = "<group>";
		};
		83964F2A1AF830C600B792D2 /* TwitterReader */ = {
			isa = PBXGroup;
			children = (
				83741FA61AF9643E00025178 /* STTweetLabel */,
				83741F711AF937BE00025178 /* STTwitter */,
				83741F5A1AF8498B00025178 /* TwitterReaderParameters.h */,
				83741F5B1AF879DD00025178 /* TweetCell.h */,
				83741F5C1AF879DD00025178 /* TweetCell.m */,
				83964F2F1AF830C600B792D2 /* AppDelegate.h */,
				83964F301AF830C600B792D2 /* AppDelegate.m */,
				83964F651AF83EA100B792D2 /* TimeLineViewController.h */,
				83964F661AF83EA100B792D2 /* TimeLineViewController.m */,
				83741FA31AF938F600025178 /* TweetDetailViewController.h */,
				83741FA41AF938F600025178 /* TweetDetailViewController.m */,
				83964F351AF830C600B792D2 /* Main.storyboard */,
				83741FAA1AF96DF100025178 /* WebPageViewController.h */,
				83741FAB1AF96DF100025178 /* WebPageViewController.m */,
				83964F381AF830C600B792D2 /* Images.xcassets */,
				83964F3A1AF830C600B792D2 /* LaunchScreen.xib */,
				83964F2B1AF830C600B792D2 /* Supporting Files */,
			);
			path = TwitterReader;
			sourceTree = "<group>";
		};
		83964F2B1AF830C600B792D2 /* Supporting Files */ = {
			isa = PBXGroup;
			children = (
				83964F2C1AF830C600B792D2 /* Info.plist */,
				83964F2D1AF830C600B792D2 /* main.m */,
			);
			name = "Supporting Files";
			sourceTree = "<group>";
		};
		83964F441AF830C600B792D2 /* TwitterReaderTests */ = {
			isa = PBXGroup;
			children = (
				83964F471AF830C600B792D2 /* TwitterReaderTests.m */,
				83964F451AF830C600B792D2 /* Supporting Files */,
			);
			path = TwitterReaderTests;
			sourceTree = "<group>";
		};
		83964F451AF830C600B792D2 /* Supporting Files */ = {
			isa = PBXGroup;
			children = (
				83964F461AF830C600B792D2 /* Info.plist */,
			);
			name = "Supporting Files";
			sourceTree = "<group>";
		};
		B1762C2357AD3AA26EBE6299 /* Frameworks */ = {
			isa = PBXGroup;
			children = (
				8F4CC2EF57CA9224F83B2CDB /* libPods-TwitterReader.a */,
			);
			name = Frameworks;
			sourceTree = "<group>";
		};
/* End PBXGroup section */

/* Begin PBXNativeTarget section */
		83964F271AF830C500B792D2 /* TwitterReader */ = {
			isa = PBXNativeTarget;
			buildConfigurationList = 83964F4B1AF830C600B792D2 /* Build configuration list for PBXNativeTarget "TwitterReader" */;
			buildPhases = (
				A266245E80B0D3A4DBF6E131 /* Check Pods Manifest.lock */,
				83964F241AF830C500B792D2 /* Sources */,
				83964F251AF830C500B792D2 /* Frameworks */,
				83964F261AF830C500B792D2 /* Resources */,
				730CD8B18815692A91B171AF /* Copy Pods Resources */,
			);
			buildRules = (
			);
			dependencies = (
			);
			name = TwitterReader;
			productName = TwitterReader;
			productReference = 83964F281AF830C600B792D2 /* TwitterReader.app */;
			productType = "com.apple.product-type.application";
		};
		83964F401AF830C600B792D2 /* TwitterReaderTests */ = {
			isa = PBXNativeTarget;
			buildConfigurationList = 83964F4E1AF830C600B792D2 /* Build configuration list for PBXNativeTarget "TwitterReaderTests" */;
			buildPhases = (
				83964F3D1AF830C600B792D2 /* Sources */,
				83964F3E1AF830C600B792D2 /* Frameworks */,
				83964F3F1AF830C600B792D2 /* Resources */,
			);
			buildRules = (
			);
			dependencies = (
				83964F431AF830C600B792D2 /* PBXTargetDependency */,
			);
			name = TwitterReaderTests;
			productName = TwitterReaderTests;
			productReference = 83964F411AF830C600B792D2 /* TwitterReaderTests.xctest */;
			productType = "com.apple.product-type.bundle.unit-test";
		};
/* End PBXNativeTarget section */

/* Begin PBXProject section */
		83964F201AF830C500B792D2 /* Project object */ = {
			isa = PBXProject;
			attributes = {
				LastUpgradeCheck = 0630;
				ORGANIZATIONNAME = "Changkun Zhao";
				TargetAttributes = {
					83964F271AF830C500B792D2 = {
						CreatedOnToolsVersion = 6.3.1;
					};
					83964F401AF830C600B792D2 = {
						CreatedOnToolsVersion = 6.3.1;
						TestTargetID = 83964F271AF830C500B792D2;
					};
				};
			};
			buildConfigurationList = 83964F231AF830C500B792D2 /* Build configuration list for PBXProject "TwitterReader" */;
			compatibilityVersion = "Xcode 3.2";
			developmentRegion = English;
			hasScannedForEncodings = 0;
			knownRegions = (
				en,
				Base,
			);
			mainGroup = 83964F1F1AF830C500B792D2;
			productRefGroup = 83964F291AF830C600B792D2 /* Products */;
			projectDirPath = "";
			projectRoot = "";
			targets = (
				83964F271AF830C500B792D2 /* TwitterReader */,
				83964F401AF830C600B792D2 /* TwitterReaderTests */,
			);
		};
/* End PBXProject section */

/* Begin PBXResourcesBuildPhase section */
		83964F261AF830C500B792D2 /* Resources */ = {
			isa = PBXResourcesBuildPhase;
			buildActionMask = 2147483647;
			files = (
				83964F371AF830C600B792D2 /* Main.storyboard in Resources */,
				83964F3C1AF830C600B792D2 /* LaunchScreen.xib in Resources */,
				83964F391AF830C600B792D2 /* Images.xcassets in Resources */,
			);
			runOnlyForDeploymentPostprocessing = 0;
		};
		83964F3F1AF830C600B792D2 /* Resources */ = {
			isa = PBXResourcesBuildPhase;
			buildActionMask = 2147483647;
			files = (
			);
			runOnlyForDeploymentPostprocessing = 0;
		};
/* End PBXResourcesBuildPhase section */

/* Begin PBXShellScriptBuildPhase section */
		730CD8B18815692A91B171AF /* Copy Pods Resources */ = {
			isa = PBXShellScriptBuildPhase;
			buildActionMask = 2147483647;
			files = (
			);
			inputPaths = (
			);
			name = "Copy Pods Resources";
			outputPaths = (
			);
			runOnlyForDeploymentPostprocessing = 0;
			shellPath = /bin/sh;
			shellScript = "\"${SRCROOT}/Pods/Target Support Files/Pods-TwitterReader/Pods-TwitterReader-resources.sh\"\n";
			showEnvVarsInLog = 0;
		};
		A266245E80B0D3A4DBF6E131 /* Check Pods Manifest.lock */ = {
			isa = PBXShellScriptBuildPhase;
			buildActionMask = 2147483647;
			files = (
			);
			inputPaths = (
			);
			name = "Check Pods Manifest.lock";
			outputPaths = (
			);
			runOnlyForDeploymentPostprocessing = 0;
			shellPath = /bin/sh;
			shellScript = "diff \"${PODS_ROOT}/../Podfile.lock\" \"${PODS_ROOT}/Manifest.lock\" > /dev/null\nif [[ $? != 0 ]] ; then\n    cat << EOM\nerror: The sandbox is not in sync with the Podfile.lock. Run 'pod install' or update your CocoaPods installation.\nEOM\n    exit 1\nfi\n";
			showEnvVarsInLog = 0;
		};
/* End PBXShellScriptBuildPhase section */

/* Begin PBXSourcesBuildPhase section */
		83964F241AF830C500B792D2 /* Sources */ = {
			isa = PBXSourcesBuildPhase;
			buildActionMask = 2147483647;
			files = (
				83964F311AF830C600B792D2 /* AppDelegate.m in Sources */,
				83964F671AF83EA100B792D2 /* TimeLineViewController.m in Sources */,
				83741F921AF937BE00025178 /* NSDateFormatter+STTwitter.m in Sources */,
				83741F961AF937BE00025178 /* STTwitterAPI.m in Sources */,
				83741F931AF937BE00025178 /* NSError+STTwitter.m in Sources */,
				83741F9E1AF937BE00025178 /* JSONSyntaxHighlight.m in Sources */,
				83741F9C1AF937BE00025178 /* STTwitterStreamParser.m in Sources */,
				83741F971AF937BE00025178 /* STTwitterAppOnly.m in Sources */,
				83741F9F1AF937BE00025178 /* STHTTPRequest.m in Sources */,
				83741F9A1AF937BE00025178 /* STTwitterOS.m in Sources */,
				83741FAC1AF96DF100025178 /* WebPageViewController.m in Sources */,
				83741F9D1AF937BE00025178 /* BAVPlistNode.m in Sources */,
				83741F9B1AF937BE00025178 /* STTwitterOSRequest.m in Sources */,
				83741FA51AF938F600025178 /* TweetDetailViewController.m in Sources */,
				83741FA91AF9643E00025178 /* STTweetLabel.m in Sources */,
				83741F941AF937BE00025178 /* NSString+STTwitter.m in Sources */,
				83741F951AF937BE00025178 /* STHTTPRequest+STTwitter.m in Sources */,
				83964F2E1AF830C600B792D2 /* main.m in Sources */,
				83741F981AF937BE00025178 /* STTwitterHTML.m in Sources */,
				83741F991AF937BE00025178 /* STTwitterOAuth.m in Sources */,
				83741F5D1AF879DD00025178 /* TweetCell.m in Sources */,
			);
			runOnlyForDeploymentPostprocessing = 0;
		};
		83964F3D1AF830C600B792D2 /* Sources */ = {
			isa = PBXSourcesBuildPhase;
			buildActionMask = 2147483647;
			files = (
				83964F481AF830C600B792D2 /* TwitterReaderTests.m in Sources */,
			);
			runOnlyForDeploymentPostprocessing = 0;
		};
/* End PBXSourcesBuildPhase section */

/* Begin PBXTargetDependency section */
		83964F431AF830C600B792D2 /* PBXTargetDependency */ = {
			isa = PBXTargetDependency;
			target = 83964F271AF830C500B792D2 /* TwitterReader */;
			targetProxy = 83964F421AF830C600B792D2 /* PBXContainerItemProxy */;
		};
/* End PBXTargetDependency section */

/* Begin PBXVariantGroup section */
		83964F351AF830C600B792D2 /* Main.storyboard */ = {
			isa = PBXVariantGroup;
			children = (
				83964F361AF830C600B792D2 /* Base */,
			);
			name = Main.storyboard;
			sourceTree = "<group>";
		};
		83964F3A1AF830C600B792D2 /* LaunchScreen.xib */ = {
			isa = PBXVariantGroup;
			children = (
				83964F3B1AF830C600B792D2 /* Base */,
			);
			name = LaunchScreen.xib;
			sourceTree = "<group>";
		};
/* End PBXVariantGroup section */

/* Begin XCBuildConfiguration section */
		83964F491AF830C600B792D2 /* Debug */ = {
			isa = XCBuildConfiguration;
			buildSettings = {
				ALWAYS_SEARCH_USER_PATHS = NO;
				CLANG_CXX_LANGUAGE_STANDARD = "gnu++0x";
				CLANG_CXX_LIBRARY = "libc++";
				CLANG_ENABLE_MODULES = YES;
				CLANG_ENABLE_OBJC_ARC = YES;
				CLANG_WARN_BOOL_CONVERSION = YES;
				CLANG_WARN_CONSTANT_CONVERSION = YES;
				CLANG_WARN_DIRECT_OBJC_ISA_USAGE = YES_ERROR;
				CLANG_WARN_EMPTY_BODY = YES;
				CLANG_WARN_ENUM_CONVERSION = YES;
				CLANG_WARN_INT_CONVERSION = YES;
				CLANG_WARN_OBJC_ROOT_CLASS = YES_ERROR;
				CLANG_WARN_UNREACHABLE_CODE = YES;
				CLANG_WARN__DUPLICATE_METHOD_MATCH = YES;
				"CODE_SIGN_IDENTITY[sdk=iphoneos*]" = "iPhone Developer";
				COPY_PHASE_STRIP = NO;
				DEBUG_INFORMATION_FORMAT = "dwarf-with-dsym";
				ENABLE_STRICT_OBJC_MSGSEND = YES;
				GCC_C_LANGUAGE_STANDARD = gnu99;
				GCC_DYNAMIC_NO_PIC = NO;
				GCC_NO_COMMON_BLOCKS = YES;
				GCC_OPTIMIZATION_LEVEL = 0;
				GCC_PREPROCESSOR_DEFINITIONS = (
					"DEBUG=1",
					"$(inherited)",
				);
				GCC_SYMBOLS_PRIVATE_EXTERN = NO;
				GCC_WARN_64_TO_32_BIT_CONVERSION = YES;
				GCC_WARN_ABOUT_RETURN_TYPE = YES_ERROR;
				GCC_WARN_UNDECLARED_SELECTOR = YES;
				GCC_WARN_UNINITIALIZED_AUTOS = YES_AGGRESSIVE;
				GCC_WARN_UNUSED_FUNCTION = YES;
				GCC_WARN_UNUSED_VARIABLE = YES;
				IPHONEOS_DEPLOYMENT_TARGET = 8.3;
				MTL_ENABLE_DEBUG_INFO = YES;
				ONLY_ACTIVE_ARCH = YES;
				SDKROOT = iphoneos;
				TARGETED_DEVICE_FAMILY = "1,2";
			};
			name = Debug;
		};
		83964F4A1AF830C600B792D2 /* Release */ = {
			isa = XCBuildConfiguration;
			buildSettings = {
				ALWAYS_SEARCH_USER_PATHS = NO;
				CLANG_CXX_LANGUAGE_STANDARD = "gnu++0x";
				CLANG_CXX_LIBRARY = "libc++";
				CLANG_ENABLE_MODULES = YES;
				CLANG_ENABLE_OBJC_ARC = YES;
				CLANG_WARN_BOOL_CONVERSION = YES;
				CLANG_WARN_CONSTANT_CONVERSION = YES;
				CLANG_WARN_DIRECT_OBJC_ISA_USAGE = YES_ERROR;
				CLANG_WARN_EMPTY_BODY = YES;
				CLANG_WARN_ENUM_CONVERSION = YES;
				CLANG_WARN_INT_CONVERSION = YES;
				CLANG_WARN_OBJC_ROOT_CLASS = YES_ERROR;
				CLANG_WARN_UNREACHABLE_CODE = YES;
				CLANG_WARN__DUPLICATE_METHOD_MATCH = YES;
				"CODE_SIGN_IDENTITY[sdk=iphoneos*]" = "iPhone Developer";
				COPY_PHASE_STRIP = NO;
				DEBUG_INFORMATION_FORMAT = "dwarf-with-dsym";
				ENABLE_NS_ASSERTIONS = NO;
				ENABLE_STRICT_OBJC_MSGSEND = YES;
				GCC_C_LANGUAGE_STANDARD = gnu99;
				GCC_NO_COMMON_BLOCKS = YES;
				GCC_WARN_64_TO_32_BIT_CONVERSION = YES;
				GCC_WARN_ABOUT_RETURN_TYPE = YES_ERROR;
				GCC_WARN_UNDECLARED_SELECTOR = YES;
				GCC_WARN_UNINITIALIZED_AUTOS = YES_AGGRESSIVE;
				GCC_WARN_UNUSED_FUNCTION = YES;
				GCC_WARN_UNUSED_VARIABLE = YES;
				IPHONEOS_DEPLOYMENT_TARGET = 8.3;
				MTL_ENABLE_DEBUG_INFO = NO;
				SDKROOT = iphoneos;
				TARGETED_DEVICE_FAMILY = "1,2";
				VALIDATE_PRODUCT = YES;
			};
			name = Release;
		};
		83964F4C1AF830C600B792D2 /* Debug */ = {
			isa = XCBuildConfiguration;
			baseConfigurationReference = 13CA8D102DD1950A2869D6E2 /* Pods-TwitterReader.debug.xcconfig */;
			buildSettings = {
				ASSETCATALOG_COMPILER_APPICON_NAME = AppIcon;
				INFOPLIST_FILE = TwitterReader/Info.plist;
				LD_RUNPATH_SEARCH_PATHS = "$(inherited) @executable_path/Frameworks";
				PRODUCT_NAME = "$(TARGET_NAME)";
			};
			name = Debug;
		};
		83964F4D1AF830C600B792D2 /* Release */ = {
			isa = XCBuildConfiguration;
			baseConfigurationReference = 614E53C0BCE5FB3668CD4F2F /* Pods-TwitterReader.release.xcconfig */;
			buildSettings = {
				ASSETCATALOG_COMPILER_APPICON_NAME = AppIcon;
				INFOPLIST_FILE = TwitterReader/Info.plist;
				LD_RUNPATH_SEARCH_PATHS = "$(inherited) @executable_path/Frameworks";
				PRODUCT_NAME = "$(TARGET_NAME)";
			};
			name = Release;
		};
		83964F4F1AF830C600B792D2 /* Debug */ = {
			isa = XCBuildConfiguration;
			buildSettings = {
				BUNDLE_LOADER = "$(TEST_HOST)";
				FRAMEWORK_SEARCH_PATHS = (
					"$(SDKROOT)/Developer/Library/Frameworks",
					"$(inherited)",
				);
				GCC_PREPROCESSOR_DEFINITIONS = (
					"DEBUG=1",
					"$(inherited)",
				);
				INFOPLIST_FILE = TwitterReaderTests/Info.plist;
				LD_RUNPATH_SEARCH_PATHS = "$(inherited) @executable_path/Frameworks @loader_path/Frameworks";
				PRODUCT_NAME = "$(TARGET_NAME)";
				TEST_HOST = "$(BUILT_PRODUCTS_DIR)/TwitterReader.app/TwitterReader";
			};
			name = Debug;
		};
		83964F501AF830C600B792D2 /* Release */ = {
			isa = XCBuildConfiguration;
			buildSettings = {
				BUNDLE_LOADER = "$(TEST_HOST)";
				FRAMEWORK_SEARCH_PATHS = (
					"$(SDKROOT)/Developer/Library/Frameworks",
					"$(inherited)",
				);
				INFOPLIST_FILE = TwitterReaderTests/Info.plist;
				LD_RUNPATH_SEARCH_PATHS = "$(inherited) @executable_path/Frameworks @loader_path/Frameworks";
				PRODUCT_NAME = "$(TARGET_NAME)";
				TEST_HOST = "$(BUILT_PRODUCTS_DIR)/TwitterReader.app/TwitterReader";
			};
			name = Release;
		};
/* End XCBuildConfiguration section */

/* Begin XCConfigurationList section */
		83964F231AF830C500B792D2 /* Build configuration list for PBXProject "TwitterReader" */ = {
			isa = XCConfigurationList;
			buildConfigurations = (
				83964F491AF830C600B792D2 /* Debug */,
				83964F4A1AF830C600B792D2 /* Release */,
			);
			defaultConfigurationIsVisible = 0;
			defaultConfigurationName = Release;
		};
		83964F4B1AF830C600B792D2 /* Build configuration list for PBXNativeTarget "TwitterReader" */ = {
			isa = XCConfigurationList;
			buildConfigurations = (
				83964F4C1AF830C600B792D2 /* Debug */,
				83964F4D1AF830C600B792D2 /* Release */,
			);
			defaultConfigurationIsVisible = 0;
			defaultConfigurationName = Release;
		};
		83964F4E1AF830C600B792D2 /* Build configuration list for PBXNativeTarget "TwitterReaderTests" */ = {
			isa = XCConfigurationList;
			buildConfigurations = (
				83964F4F1AF830C600B792D2 /* Debug */,
				83964F501AF830C600B792D2 /* Release */,
			);
			defaultConfigurationIsVisible = 0;
			defaultConfigurationName = Release;
		};
/* End XCConfigurationList section */
	};
	rootObject = 83964F201AF830C500B792D2 /* Project object */;
}
